{
  "originHash" : "de71d4baf80407fcae524b337400fc714e49a05d65c44b9d3c0add83af92b69e",
  "pins" : [
    {
      "identity" : "datacompression",
      "kind" : "remoteSourceControl",
      "location" : "https://github.com/mw99/DataCompression",
      "state" : {
        "revision" : "5ab15951321b08b74511601cbd0497667649d70b",
        "version" : "3.8.0"
      }
    },
    {
      "identity" : "ios-client-sdk",
      "kind" : "remoteSourceControl",
      "location" : "https://github.com/launchdarkly/ios-client-sdk",
      "state" : {
        "revision" : "66d26f7f77ea30d55fd41c360a04915734e1e3ba",
        "version" : "9.15.0"
      }
    },
    {
      "identity" : "swift-eventsource",
      "kind" : "remoteSourceControl",
      "location" : "https://github.com/LaunchDarkly/swift-eventsource.git",
      "state" : {
        "revision" : "57051701c58a93603ffa2051f8e9cf0c8cff7814",
        "version" : "3.3.0"
      }
    }
  ],
  "version" : 3
}
