// !$*UTF8*$!
{
	archiveVersion = 1;
	classes = {
	};
	objectVersion = 77;
	objects = {

/* Begin PBXBuildFile section */
		2BB6079C2E57750000744D27 /* LDShopDemoApp.swift in Sources */ = {isa = PBXBuildFile; fileRef = 2BB6079B2E57750000744D27 /* LDShopDemoApp.swift */; };
		2BB6079D2E57750000744D27 /* AppTheme.swift in Sources */ = {isa = PBXBuildFile; fileRef = 2BB6079A2E57750000744D27 /* AppTheme.swift */; };
		2BB6079E2E57750000744D27 /* AppRouter.swift in Sources */ = {isa = PBXBuildFile; fileRef = 2BB607982E57750000744D27 /* AppRouter.swift */; };
		2BB6079F2E57750000744D27 /* AppState.swift in Sources */ = {isa = PBXBuildFile; fileRef = 2BB607992E57750000744D27 /* AppState.swift */; };
		2BB607A02E57750000744D27 /* LDShopDemoApp.swift in Sources */ = {isa = PBXBuildFile; fileRef = 2BB6079B2E57750000744D27 /* LDShopDemoApp.swift */; };
		2BB607A12E57750000744D27 /* AppTheme.swift in Sources */ = {isa = PBXBuildFile; fileRef = 2BB6079A2E57750000744D27 /* AppTheme.swift */; };
		2BB607A22E57750000744D27 /* AppRouter.swift in Sources */ = {isa = PBXBuildFile; fileRef = 2BB607982E57750000744D27 /* AppRouter.swift */; };
		2BB607A32E57750000744D27 /* AppState.swift in Sources */ = {isa = PBXBuildFile; fileRef = 2BB607992E57750000744D27 /* AppState.swift */; };
		2BB607A42E57750000744D27 /* LDShopDemoApp.swift in Sources */ = {isa = PBXBuildFile; fileRef = 2BB6079B2E57750000744D27 /* LDShopDemoApp.swift */; };
		2BB607A52E57750000744D27 /* AppTheme.swift in Sources */ = {isa = PBXBuildFile; fileRef = 2BB6079A2E57750000744D27 /* AppTheme.swift */; };
		2BB607A62E57750000744D27 /* AppRouter.swift in Sources */ = {isa = PBXBuildFile; fileRef = 2BB607982E57750000744D27 /* AppRouter.swift */; };
		2BB607A72E57750000744D27 /* AppState.swift in Sources */ = {isa = PBXBuildFile; fileRef = 2BB607992E57750000744D27 /* AppState.swift */; };
		2BB607A92E57754C00744D27 /* Route.swift in Sources */ = {isa = PBXBuildFile; fileRef = 2BB607A82E57754C00744D27 /* Route.swift */; };
		2BB607AA2E57754C00744D27 /* Route.swift in Sources */ = {isa = PBXBuildFile; fileRef = 2BB607A82E57754C00744D27 /* Route.swift */; };
		2BB607AB2E57754C00744D27 /* Route.swift in Sources */ = {isa = PBXBuildFile; fileRef = 2BB607A82E57754C00744D27 /* Route.swift */; };
		2BB607AD2E57757E00744D27 /* HomeView.swift in Sources */ = {isa = PBXBuildFile; fileRef = 2BB607AC2E57757E00744D27 /* HomeView.swift */; };
		2BB607AE2E57757E00744D27 /* HomeView.swift in Sources */ = {isa = PBXBuildFile; fileRef = 2BB607AC2E57757E00744D27 /* HomeView.swift */; };
		2BB607AF2E57757E00744D27 /* HomeView.swift in Sources */ = {isa = PBXBuildFile; fileRef = 2BB607AC2E57757E00744D27 /* HomeView.swift */; };
		2BB607B12E5775D800744D27 /* Product.swift in Sources */ = {isa = PBXBuildFile; fileRef = 2BB607B02E5775D800744D27 /* Product.swift */; };
		2BB607B22E5775D800744D27 /* Product.swift in Sources */ = {isa = PBXBuildFile; fileRef = 2BB607B02E5775D800744D27 /* Product.swift */; };
		2BB607B32E5775D800744D27 /* Product.swift in Sources */ = {isa = PBXBuildFile; fileRef = 2BB607B02E5775D800744D27 /* Product.swift */; };
		2BB607C12E57762B00744D27 /* AnalyticsService.swift in Sources */ = {isa = PBXBuildFile; fileRef = 2BB607C02E57762B00744D27 /* AnalyticsService.swift */; };
		2BB607C22E57762B00744D27 /* AnalyticsService.swift in Sources */ = {isa = PBXBuildFile; fileRef = 2BB607C02E57762B00744D27 /* AnalyticsService.swift */; };
		2BB607C32E57762B00744D27 /* AnalyticsService.swift in Sources */ = {isa = PBXBuildFile; fileRef = 2BB607C02E57762B00744D27 /* AnalyticsService.swift */; };
		2BB607C52E57764300744D27 /* LDService.swift in Sources */ = {isa = PBXBuildFile; fileRef = 2BB607C42E57764300744D27 /* LDService.swift */; };
		2BB607C62E57764300744D27 /* LDService.swift in Sources */ = {isa = PBXBuildFile; fileRef = 2BB607C42E57764300744D27 /* LDService.swift */; };
		2BB607C72E57764300744D27 /* LDService.swift in Sources */ = {isa = PBXBuildFile; fileRef = 2BB607C42E57764300744D27 /* LDService.swift */; };
		2BB607D02E57780200744D27 /* SampleProducts.swift in Sources */ = {isa = PBXBuildFile; fileRef = 2BB607CF2E57780200744D27 /* SampleProducts.swift */; };
		2BB607D12E57780200744D27 /* SampleProducts.swift in Sources */ = {isa = PBXBuildFile; fileRef = 2BB607CF2E57780200744D27 /* SampleProducts.swift */; };
		2BB607D22E57780200744D27 /* SampleProducts.swift in Sources */ = {isa = PBXBuildFile; fileRef = 2BB607CF2E57780200744D27 /* SampleProducts.swift */; };
		2BB607D62E57781100744D27 /* ProductDetailView.swift in Sources */ = {isa = PBXBuildFile; fileRef = 2BB607D42E57781100744D27 /* ProductDetailView.swift */; };
		2BB607D72E57781100744D27 /* ProductListView.swift in Sources */ = {isa = PBXBuildFile; fileRef = 2BB607D52E57781100744D27 /* ProductListView.swift */; };
		2BB607D82E57781100744D27 /* ProductCardView.swift in Sources */ = {isa = PBXBuildFile; fileRef = 2BB607D32E57781100744D27 /* ProductCardView.swift */; };
		2BB607D92E57781100744D27 /* ProductDetailView.swift in Sources */ = {isa = PBXBuildFile; fileRef = 2BB607D42E57781100744D27 /* ProductDetailView.swift */; };
		2BB607DA2E57781100744D27 /* ProductListView.swift in Sources */ = {isa = PBXBuildFile; fileRef = 2BB607D52E57781100744D27 /* ProductListView.swift */; };
		2BB607DB2E57781100744D27 /* ProductCardView.swift in Sources */ = {isa = PBXBuildFile; fileRef = 2BB607D32E57781100744D27 /* ProductCardView.swift */; };
		2BB607DC2E57781100744D27 /* ProductDetailView.swift in Sources */ = {isa = PBXBuildFile; fileRef = 2BB607D42E57781100744D27 /* ProductDetailView.swift */; };
		2BB607DD2E57781100744D27 /* ProductListView.swift in Sources */ = {isa = PBXBuildFile; fileRef = 2BB607D52E57781100744D27 /* ProductListView.swift */; };
		2BB607DE2E57781100744D27 /* ProductCardView.swift in Sources */ = {isa = PBXBuildFile; fileRef = 2BB607D32E57781100744D27 /* ProductCardView.swift */; };
		2BB607E52E579CDC00744D27 /* LaunchDarkly in Frameworks */ = {isa = PBXBuildFile; productRef = 2BB607E42E579CDC00744D27 /* LaunchDarkly */; };
/* End PBXBuildFile section */

/* Begin PBXContainerItemProxy section */
		2BB6076F2E5771EE00744D27 /* PBXContainerItemProxy */ = {
			isa = PBXContainerItemProxy;
			containerPortal = 2BB607582E5771EC00744D27 /* Project object */;
			proxyType = 1;
			remoteGlobalIDString = 2BB6075F2E5771EC00744D27;
			remoteInfo = LD_SportShop_Demo;
		};
		2BB607792E5771EE00744D27 /* PBXContainerItemProxy */ = {
			isa = PBXContainerItemProxy;
			containerPortal = 2BB607582E5771EC00744D27 /* Project object */;
			proxyType = 1;
			remoteGlobalIDString = 2BB6075F2E5771EC00744D27;
			remoteInfo = LD_SportShop_Demo;
		};
/* End PBXContainerItemProxy section */

/* Begin PBXFileReference section */
		2BB607602E5771EC00744D27 /* LD_SportShop_Demo.app */ = {isa = PBXFileReference; explicitFileType = wrapper.application; includeInIndex = 0; path = LD_SportShop_Demo.app; sourceTree = BUILT_PRODUCTS_DIR; };
		2BB6076E2E5771EE00744D27 /* LD_SportShop_DemoTests.xctest */ = {isa = PBXFileReference; explicitFileType = wrapper.cfbundle; includeInIndex = 0; path = LD_SportShop_DemoTests.xctest; sourceTree = BUILT_PRODUCTS_DIR; };
		2BB607782E5771EE00744D27 /* LD_SportShop_DemoUITests.xctest */ = {isa = PBXFileReference; explicitFileType = wrapper.cfbundle; includeInIndex = 0; path = LD_SportShop_DemoUITests.xctest; sourceTree = BUILT_PRODUCTS_DIR; };
		2BB607982E57750000744D27 /* AppRouter.swift */ = {isa = PBXFileReference; lastKnownFileType = sourcecode.swift; path = AppRouter.swift; sourceTree = "<group>"; };
		2BB607992E57750000744D27 /* AppState.swift */ = {isa = PBXFileReference; lastKnownFileType = sourcecode.swift; path = AppState.swift; sourceTree = "<group>"; };
		2BB6079A2E57750000744D27 /* AppTheme.swift */ = {isa = PBXFileReference; lastKnownFileType = sourcecode.swift; path = AppTheme.swift; sourceTree = "<group>"; };
		2BB6079B2E57750000744D27 /* LDShopDemoApp.swift */ = {isa = PBXFileReference; lastKnownFileType = sourcecode.swift; path = LDShopDemoApp.swift; sourceTree = "<group>"; };
		2BB607A82E57754C00744D27 /* Route.swift */ = {isa = PBXFileReference; lastKnownFileType = sourcecode.swift; path = Route.swift; sourceTree = "<group>"; };
		2BB607AC2E57757E00744D27 /* HomeView.swift */ = {isa = PBXFileReference; lastKnownFileType = sourcecode.swift; path = HomeView.swift; sourceTree = "<group>"; };
		2BB607B02E5775D800744D27 /* Product.swift */ = {isa = PBXFileReference; lastKnownFileType = sourcecode.swift; path = Product.swift; sourceTree = "<group>"; };
		2BB607C02E57762B00744D27 /* AnalyticsService.swift */ = {isa = PBXFileReference; lastKnownFileType = sourcecode.swift; path = AnalyticsService.swift; sourceTree = "<group>"; };
		2BB607C42E57764300744D27 /* LDService.swift */ = {isa = PBXFileReference; lastKnownFileType = sourcecode.swift; path = LDService.swift; sourceTree = "<group>"; };
		2BB607CF2E57780200744D27 /* SampleProducts.swift */ = {isa = PBXFileReference; lastKnownFileType = sourcecode.swift; path = SampleProducts.swift; sourceTree = "<group>"; };
		2BB607D32E57781100744D27 /* ProductCardView.swift */ = {isa = PBXFileReference; lastKnownFileType = sourcecode.swift; path = ProductCardView.swift; sourceTree = "<group>"; };
		2BB607D42E57781100744D27 /* ProductDetailView.swift */ = {isa = PBXFileReference; lastKnownFileType = sourcecode.swift; path = ProductDetailView.swift; sourceTree = "<group>"; };
		2BB607D52E57781100744D27 /* ProductListView.swift */ = {isa = PBXFileReference; lastKnownFileType = sourcecode.swift; path = ProductListView.swift; sourceTree = "<group>"; };
		2BB607E12E57796C00744D27 /* Info.plist */ = {isa = PBXFileReference; lastKnownFileType = text.plist.xml; path = Info.plist; sourceTree = "<group>"; };
/* End PBXFileReference section */

/* Begin PBXFileSystemSynchronizedRootGroup section */
		2BB607712E5771EE00744D27 /* LD_SportShop_DemoTests */ = {
			isa = PBXFileSystemSynchronizedRootGroup;
			path = LD_SportShop_DemoTests;
			sourceTree = "<group>";
		};
		2BB6077B2E5771EE00744D27 /* LD_SportShop_DemoUITests */ = {
			isa = PBXFileSystemSynchronizedRootGroup;
			path = LD_SportShop_DemoUITests;
			sourceTree = "<group>";
		};
/* End PBXFileSystemSynchronizedRootGroup section */

/* Begin PBXFrameworksBuildPhase section */
		2BB6075D2E5771EC00744D27 /* Frameworks */ = {
			isa = PBXFrameworksBuildPhase;
			buildActionMask = 2147483647;
			files = (
				2BB607E52E579CDC00744D27 /* LaunchDarkly in Frameworks */,
			);
			runOnlyForDeploymentPostprocessing = 0;
		};
		2BB6076B2E5771EE00744D27 /* Frameworks */ = {
			isa = PBXFrameworksBuildPhase;
			buildActionMask = 2147483647;
			files = (
			);
			runOnlyForDeploymentPostprocessing = 0;
		};
		2BB607752E5771EE00744D27 /* Frameworks */ = {
			isa = PBXFrameworksBuildPhase;
			buildActionMask = 2147483647;
			files = (
			);
			runOnlyForDeploymentPostprocessing = 0;
		};
/* End PBXFrameworksBuildPhase section */

/* Begin PBXGroup section */
		2BB607572E5771EC00744D27 = {
			isa = PBXGroup;
			children = (
				2BB607E12E57796C00744D27 /* Info.plist */,
				2BB6078B2E57739B00744D27 /* Sources */,
				2BB607712E5771EE00744D27 /* LD_SportShop_DemoTests */,
				2BB6077B2E5771EE00744D27 /* LD_SportShop_DemoUITests */,
				2BB607E32E579CDC00744D27 /* Frameworks */,
				2BB607612E5771EC00744D27 /* Products */,
			);
			sourceTree = "<group>";
		};
		2BB607612E5771EC00744D27 /* Products */ = {
			isa = PBXGroup;
			children = (
				2BB607602E5771EC00744D27 /* LD_SportShop_Demo.app */,
				2BB6076E2E5771EE00744D27 /* LD_SportShop_DemoTests.xctest */,
				2BB607782E5771EE00744D27 /* LD_SportShop_DemoUITests.xctest */,
			);
			name = Products;
			sourceTree = "<group>";
		};
		2BB6078B2E57739B00744D27 /* Sources */ = {
			isa = PBXGroup;
			children = (
				2BB607952E57740900744D27 /* Services */,
				2BB6078F2E5773CD00744D27 /* Features */,
				2BB6078D2E5773AE00744D27 /* Extensions */,
				2BB6078C2E5773A800744D27 /* App */,
			);
			path = Sources;
			sourceTree = "<group>";
		};
		2BB6078C2E5773A800744D27 /* App */ = {
			isa = PBXGroup;
			children = (
				2BB607982E57750000744D27 /* AppRouter.swift */,
				2BB607992E57750000744D27 /* AppState.swift */,
				2BB6079A2E57750000744D27 /* AppTheme.swift */,
				2BB6079B2E57750000744D27 /* LDShopDemoApp.swift */,
			);
			path = App;
			sourceTree = "<group>";
		};
		2BB6078D2E5773AE00744D27 /* Extensions */ = {
			isa = PBXGroup;
			children = (
				2BB607A82E57754C00744D27 /* Route.swift */,
			);
			path = Extensions;
			sourceTree = "<group>";
		};
		2BB6078F2E5773CD00744D27 /* Features */ = {
			isa = PBXGroup;
			children = (
				2BB607912E5773DE00744D27 /* Catalog */,
				2BB607902E5773D700744D27 /* Home */,
			);
			path = Features;
			sourceTree = "<group>";
		};
		2BB607902E5773D700744D27 /* Home */ = {
			isa = PBXGroup;
			children = (
				2BB607AC2E57757E00744D27 /* HomeView.swift */,
			);
			path = Home;
			sourceTree = "<group>";
		};
		2BB607912E5773DE00744D27 /* Catalog */ = {
			isa = PBXGroup;
			children = (
				2BB607942E5773F700744D27 /* Views */,
				2BB607932E5773ED00744D27 /* Data */,
				2BB607922E5773E500744D27 /* Models */,
			);
			path = Catalog;
			sourceTree = "<group>";
		};
		2BB607922E5773E500744D27 /* Models */ = {
			isa = PBXGroup;
			children = (
				2BB607B02E5775D800744D27 /* Product.swift */,
			);
			path = Models;
			sourceTree = "<group>";
		};
		2BB607932E5773ED00744D27 /* Data */ = {
			isa = PBXGroup;
			children = (
				2BB607CF2E57780200744D27 /* SampleProducts.swift */,
			);
			path = Data;
			sourceTree = "<group>";
		};
		2BB607942E5773F700744D27 /* Views */ = {
			isa = PBXGroup;
			children = (
				2BB607D32E57781100744D27 /* ProductCardView.swift */,
				2BB607D42E57781100744D27 /* ProductDetailView.swift */,
				2BB607D52E57781100744D27 /* ProductListView.swift */,
			);
			path = Views;
			sourceTree = "<group>";
		};
		2BB607952E57740900744D27 /* Services */ = {
			isa = PBXGroup;
			children = (
				2BB607972E57741800744D27 /* LaunchDarkly */,
				2BB607962E57741100744D27 /* Analytics */,
			);
			path = Services;
			sourceTree = "<group>";
		};
		2BB607962E57741100744D27 /* Analytics */ = {
			isa = PBXGroup;
			children = (
				2BB607C02E57762B00744D27 /* AnalyticsService.swift */,
			);
			path = Analytics;
			sourceTree = "<group>";
		};
		2BB607972E57741800744D27 /* LaunchDarkly */ = {
			isa = PBXGroup;
			children = (
				2BB607C42E57764300744D27 /* LDService.swift */,
			);
			path = LaunchDarkly;
			sourceTree = "<group>";
		};
		2BB607E32E579CDC00744D27 /* Frameworks */ = {
			isa = PBXGroup;
			children = (
			);
			name = Frameworks;
			sourceTree = "<group>";
		};
/* End PBXGroup section */

/* Begin PBXNativeTarget section */
		2BB6075F2E5771EC00744D27 /* LD_SportShop_Demo */ = {
			isa = PBXNativeTarget;
			buildConfigurationList = 2BB607822E5771EE00744D27 /* Build configuration list for PBXNativeTarget "LD_SportShop_Demo" */;
			buildPhases = (
				2BB6075C2E5771EC00744D27 /* Sources */,
				2BB6075D2E5771EC00744D27 /* Frameworks */,
				2BB6075E2E5771EC00744D27 /* Resources */,
			);
			buildRules = (
			);
			dependencies = (
			);
			name = LD_SportShop_Demo;
			packageProductDependencies = (
				2BB607E42E579CDC00744D27 /* LaunchDarkly */,
			);
			productName = LD_SportShop_Demo;
			productReference = 2BB607602E5771EC00744D27 /* LD_SportShop_Demo.app */;
			productType = "com.apple.product-type.application";
		};
		2BB6076D2E5771EE00744D27 /* LD_SportShop_DemoTests */ = {
			isa = PBXNativeTarget;
			buildConfigurationList = 2BB607852E5771EE00744D27 /* Build configuration list for PBXNativeTarget "LD_SportShop_DemoTests" */;
			buildPhases = (
				2BB6076A2E5771EE00744D27 /* Sources */,
				2BB6076B2E5771EE00744D27 /* Frameworks */,
				2BB6076C2E5771EE00744D27 /* Resources */,
			);
			buildRules = (
			);
			dependencies = (
				2BB607702E5771EE00744D27 /* PBXTargetDependency */,
			);
			fileSystemSynchronizedGroups = (
				2BB607712E5771EE00744D27 /* LD_SportShop_DemoTests */,
			);
			name = LD_SportShop_DemoTests;
			packageProductDependencies = (
			);
			productName = LD_SportShop_DemoTests;
			productReference = 2BB6076E2E5771EE00744D27 /* LD_SportShop_DemoTests.xctest */;
			productType = "com.apple.product-type.bundle.unit-test";
		};
		2BB607772E5771EE00744D27 /* LD_SportShop_DemoUITests */ = {
			isa = PBXNativeTarget;
			buildConfigurationList = 2BB607882E5771EE00744D27 /* Build configuration list for PBXNativeTarget "LD_SportShop_DemoUITests" */;
			buildPhases = (
				2BB607742E5771EE00744D27 /* Sources */,
				2BB607752E5771EE00744D27 /* Frameworks */,
				2BB607762E5771EE00744D27 /* Resources */,
			);
			buildRules = (
			);
			dependencies = (
				2BB6077A2E5771EE00744D27 /* PBXTargetDependency */,
			);
			fileSystemSynchronizedGroups = (
				2BB6077B2E5771EE00744D27 /* LD_SportShop_DemoUITests */,
			);
			name = LD_SportShop_DemoUITests;
			packageProductDependencies = (
			);
			productName = LD_SportShop_DemoUITests;
			productReference = 2BB607782E5771EE00744D27 /* LD_SportShop_DemoUITests.xctest */;
			productType = "com.apple.product-type.bundle.ui-testing";
		};
/* End PBXNativeTarget section */

/* Begin PBXProject section */
		2BB607582E5771EC00744D27 /* Project object */ = {
			isa = PBXProject;
			attributes = {
				BuildIndependentTargetsInParallel = 1;
				LastSwiftUpdateCheck = 1640;
				LastUpgradeCheck = 1640;
				TargetAttributes = {
					2BB6075F2E5771EC00744D27 = {
						CreatedOnToolsVersion = 16.4;
					};
					2BB6076D2E5771EE00744D27 = {
						CreatedOnToolsVersion = 16.4;
						TestTargetID = 2BB6075F2E5771EC00744D27;
					};
					2BB607772E5771EE00744D27 = {
						CreatedOnToolsVersion = 16.4;
						TestTargetID = 2BB6075F2E5771EC00744D27;
					};
				};
			};
			buildConfigurationList = 2BB6075B2E5771EC00744D27 /* Build configuration list for PBXProject "LD_SportShop_Demo" */;
			developmentRegion = en;
			hasScannedForEncodings = 0;
			knownRegions = (
				en,
				Base,
			);
			mainGroup = 2BB607572E5771EC00744D27;
			minimizedProjectReferenceProxies = 1;
			packageReferences = (
				2BB607CE2E5776BA00744D27 /* XCRemoteSwiftPackageReference "ios-client-sdk" */,
			);
			preferredProjectObjectVersion = 77;
			productRefGroup = 2BB607612E5771EC00744D27 /* Products */;
			projectDirPath = "";
			projectRoot = "";
			targets = (
				2BB6075F2E5771EC00744D27 /* LD_SportShop_Demo */,
				2BB6076D2E5771EE00744D27 /* LD_SportShop_DemoTests */,
				2BB607772E5771EE00744D27 /* LD_SportShop_DemoUITests */,
			);
		};
/* End PBXProject section */

/* Begin PBXResourcesBuildPhase section */
		2BB6075E2E5771EC00744D27 /* Resources */ = {
			isa = PBXResourcesBuildPhase;
			buildActionMask = 2147483647;
			files = (
			);
			runOnlyForDeploymentPostprocessing = 0;
		};
		2BB6076C2E5771EE00744D27 /* Resources */ = {
			isa = PBXResourcesBuildPhase;
			buildActionMask = 2147483647;
			files = (
			);
			runOnlyForDeploymentPostprocessing = 0;
		};
		2BB607762E5771EE00744D27 /* Resources */ = {
			isa = PBXResourcesBuildPhase;
			buildActionMask = 2147483647;
			files = (
			);
			runOnlyForDeploymentPostprocessing = 0;
		};
/* End PBXResourcesBuildPhase section */

/* Begin PBXSourcesBuildPhase section */
		2BB6075C2E5771EC00744D27 /* Sources */ = {
			isa = PBXSourcesBuildPhase;
			buildActionMask = 2147483647;
			files = (
				2BB607C62E57764300744D27 /* LDService.swift in Sources */,
				2BB607C12E57762B00744D27 /* AnalyticsService.swift in Sources */,
				2BB6079C2E57750000744D27 /* LDShopDemoApp.swift in Sources */,
				2BB607B22E5775D800744D27 /* Product.swift in Sources */,
				2BB607AD2E57757E00744D27 /* HomeView.swift in Sources */,
				2BB6079D2E57750000744D27 /* AppTheme.swift in Sources */,
				2BB607D12E57780200744D27 /* SampleProducts.swift in Sources */,
				2BB607D62E57781100744D27 /* ProductDetailView.swift in Sources */,
				2BB607D72E57781100744D27 /* ProductListView.swift in Sources */,
				2BB607D82E57781100744D27 /* ProductCardView.swift in Sources */,
				2BB6079E2E57750000744D27 /* AppRouter.swift in Sources */,
				2BB607A92E57754C00744D27 /* Route.swift in Sources */,
				2BB6079F2E57750000744D27 /* AppState.swift in Sources */,
			);
			runOnlyForDeploymentPostprocessing = 0;
		};
		2BB6076A2E5771EE00744D27 /* Sources */ = {
			isa = PBXSourcesBuildPhase;
			buildActionMask = 2147483647;
			files = (
				2BB607C52E57764300744D27 /* LDService.swift in Sources */,
				2BB607C32E57762B00744D27 /* AnalyticsService.swift in Sources */,
				2BB607A42E57750000744D27 /* LDShopDemoApp.swift in Sources */,
				2BB607B32E5775D800744D27 /* Product.swift in Sources */,
				2BB607AE2E57757E00744D27 /* HomeView.swift in Sources */,
				2BB607A52E57750000744D27 /* AppTheme.swift in Sources */,
				2BB607D22E57780200744D27 /* SampleProducts.swift in Sources */,
				2BB607DC2E57781100744D27 /* ProductDetailView.swift in Sources */,
				2BB607DD2E57781100744D27 /* ProductListView.swift in Sources */,
				2BB607DE2E57781100744D27 /* ProductCardView.swift in Sources */,
				2BB607A62E57750000744D27 /* AppRouter.swift in Sources */,
				2BB607AA2E57754C00744D27 /* Route.swift in Sources */,
				2BB607A72E57750000744D27 /* AppState.swift in Sources */,
			);
			runOnlyForDeploymentPostprocessing = 0;
		};
		2BB607742E5771EE00744D27 /* Sources */ = {
			isa = PBXSourcesBuildPhase;
			buildActionMask = 2147483647;
			files = (
				2BB607A02E57750000744D27 /* LDShopDemoApp.swift in Sources */,
				2BB607C22E57762B00744D27 /* AnalyticsService.swift in Sources */,
				2BB607A12E57750000744D27 /* AppTheme.swift in Sources */,
				2BB607B12E5775D800744D27 /* Product.swift in Sources */,
				2BB607A22E57750000744D27 /* AppRouter.swift in Sources */,
				2BB607D02E57780200744D27 /* SampleProducts.swift in Sources */,
				2BB607A32E57750000744D27 /* AppState.swift in Sources */,
				2BB607D92E57781100744D27 /* ProductDetailView.swift in Sources */,
				2BB607DA2E57781100744D27 /* ProductListView.swift in Sources */,
				2BB607DB2E57781100744D27 /* ProductCardView.swift in Sources */,
				2BB607AF2E57757E00744D27 /* HomeView.swift in Sources */,
				2BB607AB2E57754C00744D27 /* Route.swift in Sources */,
				2BB607C72E57764300744D27 /* LDService.swift in Sources */,
			);
			runOnlyForDeploymentPostprocessing = 0;
		};
/* End PBXSourcesBuildPhase section */

/* Begin PBXTargetDependency section */
		2BB607702E5771EE00744D27 /* PBXTargetDependency */ = {
			isa = PBXTargetDependency;
			target = 2BB6075F2E5771EC00744D27 /* LD_SportShop_Demo */;
			targetProxy = 2BB6076F2E5771EE00744D27 /* PBXContainerItemProxy */;
		};
		2BB6077A2E5771EE00744D27 /* PBXTargetDependency */ = {
			isa = PBXTargetDependency;
			target = 2BB6075F2E5771EC00744D27 /* LD_SportShop_Demo */;
			targetProxy = 2BB607792E5771EE00744D27 /* PBXContainerItemProxy */;
		};
/* End PBXTargetDependency section */

/* Begin XCBuildConfiguration section */
		2BB607802E5771EE00744D27 /* Debug */ = {
			isa = XCBuildConfiguration;
			buildSettings = {
				ALWAYS_SEARCH_USER_PATHS = NO;
				ASSETCATALOG_COMPILER_GENERATE_SWIFT_ASSET_SYMBOL_EXTENSIONS = YES;
				CLANG_ANALYZER_NONNULL = YES;
				CLANG_ANALYZER_NUMBER_OBJECT_CONVERSION = YES_AGGRESSIVE;
				CLANG_CXX_LANGUAGE_STANDARD = "gnu++20";
				CLANG_ENABLE_MODULES = YES;
				CLANG_ENABLE_OBJC_ARC = YES;
				CLANG_ENABLE_OBJC_WEAK = YES;
				CLANG_WARN_BLOCK_CAPTURE_AUTORELEASING = YES;
				CLANG_WARN_BOOL_CONVERSION = YES;
				CLANG_WARN_COMMA = YES;
				CLANG_WARN_CONSTANT_CONVERSION = YES;
				CLANG_WARN_DEPRECATED_OBJC_IMPLEMENTATIONS = YES;
				CLANG_WARN_DIRECT_OBJC_ISA_USAGE = YES_ERROR;
				CLANG_WARN_DOCUMENTATION_COMMENTS = YES;
				CLANG_WARN_EMPTY_BODY = YES;
				CLANG_WARN_ENUM_CONVERSION = YES;
				CLANG_WARN_INFINITE_RECURSION = YES;
				CLANG_WARN_INT_CONVERSION = YES;
				CLANG_WARN_NON_LITERAL_NULL_CONVERSION = YES;
				CLANG_WARN_OBJC_IMPLICIT_RETAIN_SELF = YES;
				CLANG_WARN_OBJC_LITERAL_CONVERSION = YES;
				CLANG_WARN_OBJC_ROOT_CLASS = YES_ERROR;
				CLANG_WARN_QUOTED_INCLUDE_IN_FRAMEWORK_HEADER = YES;
				CLANG_WARN_RANGE_LOOP_ANALYSIS = YES;
				CLANG_WARN_STRICT_PROTOTYPES = YES;
				CLANG_WARN_SUSPICIOUS_MOVE = YES;
				CLANG_WARN_UNGUARDED_AVAILABILITY = YES_AGGRESSIVE;
				CLANG_WARN_UNREACHABLE_CODE = YES;
				CLANG_WARN__DUPLICATE_METHOD_MATCH = YES;
				COPY_PHASE_STRIP = NO;
				DEBUG_INFORMATION_FORMAT = dwarf;
				DEVELOPMENT_TEAM = B6FXG8673T;
				ENABLE_STRICT_OBJC_MSGSEND = YES;
				ENABLE_TESTABILITY = YES;
				ENABLE_USER_SCRIPT_SANDBOXING = YES;
				GCC_C_LANGUAGE_STANDARD = gnu17;
				GCC_DYNAMIC_NO_PIC = NO;
				GCC_NO_COMMON_BLOCKS = YES;
				GCC_OPTIMIZATION_LEVEL = 0;
				GCC_PREPROCESSOR_DEFINITIONS = (
					"DEBUG=1",
					"$(inherited)",
				);
				GCC_WARN_64_TO_32_BIT_CONVERSION = YES;
				GCC_WARN_ABOUT_RETURN_TYPE = YES_ERROR;
				GCC_WARN_UNDECLARED_SELECTOR = YES;
				GCC_WARN_UNINITIALIZED_AUTOS = YES_AGGRESSIVE;
				GCC_WARN_UNUSED_FUNCTION = YES;
				GCC_WARN_UNUSED_VARIABLE = YES;
				LOCALIZATION_PREFERS_STRING_CATALOGS = YES;
				MTL_ENABLE_DEBUG_INFO = INCLUDE_SOURCE;
				MTL_FAST_MATH = YES;
				ONLY_ACTIVE_ARCH = YES;
				SWIFT_ACTIVE_COMPILATION_CONDITIONS = "DEBUG $(inherited)";
				SWIFT_OPTIMIZATION_LEVEL = "-Onone";
			};
			name = Debug;
		};
		2BB607812E5771EE00744D27 /* Release */ = {
			isa = XCBuildConfiguration;
			buildSettings = {
				ALWAYS_SEARCH_USER_PATHS = NO;
				ASSETCATALOG_COMPILER_GENERATE_SWIFT_ASSET_SYMBOL_EXTENSIONS = YES;
				CLANG_ANALYZER_NONNULL = YES;
				CLANG_ANALYZER_NUMBER_OBJECT_CONVERSION = YES_AGGRESSIVE;
				CLANG_CXX_LANGUAGE_STANDARD = "gnu++20";
				CLANG_ENABLE_MODULES = YES;
				CLANG_ENABLE_OBJC_ARC = YES;
				CLANG_ENABLE_OBJC_WEAK = YES;
				CLANG_WARN_BLOCK_CAPTURE_AUTORELEASING = YES;
				CLANG_WARN_BOOL_CONVERSION = YES;
				CLANG_WARN_COMMA = YES;
				CLANG_WARN_CONSTANT_CONVERSION = YES;
				CLANG_WARN_DEPRECATED_OBJC_IMPLEMENTATIONS = YES;
				CLANG_WARN_DIRECT_OBJC_ISA_USAGE = YES_ERROR;
				CLANG_WARN_DOCUMENTATION_COMMENTS = YES;
				CLANG_WARN_EMPTY_BODY = YES;
				CLANG_WARN_ENUM_CONVERSION = YES;
				CLANG_WARN_INFINITE_RECURSION = YES;
				CLANG_WARN_INT_CONVERSION = YES;
				CLANG_WARN_NON_LITERAL_NULL_CONVERSION = YES;
				CLANG_WARN_OBJC_IMPLICIT_RETAIN_SELF = YES;
				CLANG_WARN_OBJC_LITERAL_CONVERSION = YES;
				CLANG_WARN_OBJC_ROOT_CLASS = YES_ERROR;
				CLANG_WARN_QUOTED_INCLUDE_IN_FRAMEWORK_HEADER = YES;
				CLANG_WARN_RANGE_LOOP_ANALYSIS = YES;
				CLANG_WARN_STRICT_PROTOTYPES = YES;
				CLANG_WARN_SUSPICIOUS_MOVE = YES;
				CLANG_WARN_UNGUARDED_AVAILABILITY = YES_AGGRESSIVE;
				CLANG_WARN_UNREACHABLE_CODE = YES;
				CLANG_WARN__DUPLICATE_METHOD_MATCH = YES;
				COPY_PHASE_STRIP = NO;
				DEBUG_INFORMATION_FORMAT = "dwarf-with-dsym";
				DEVELOPMENT_TEAM = B6FXG8673T;
				ENABLE_NS_ASSERTIONS = NO;
				ENABLE_STRICT_OBJC_MSGSEND = YES;
				ENABLE_USER_SCRIPT_SANDBOXING = YES;
				GCC_C_LANGUAGE_STANDARD = gnu17;
				GCC_NO_COMMON_BLOCKS = YES;
				GCC_WARN_64_TO_32_BIT_CONVERSION = YES;
				GCC_WARN_ABOUT_RETURN_TYPE = YES_ERROR;
				GCC_WARN_UNDECLARED_SELECTOR = YES;
				GCC_WARN_UNINITIALIZED_AUTOS = YES_AGGRESSIVE;
				GCC_WARN_UNUSED_FUNCTION = YES;
				GCC_WARN_UNUSED_VARIABLE = YES;
				LOCALIZATION_PREFERS_STRING_CATALOGS = YES;
				MTL_ENABLE_DEBUG_INFO = NO;
				MTL_FAST_MATH = YES;
				SWIFT_COMPILATION_MODE = wholemodule;
			};
			name = Release;
		};
		2BB607832E5771EE00744D27 /* Debug */ = {
			isa = XCBuildConfiguration;
			buildSettings = {
				ASSETCATALOG_COMPILER_APPICON_NAME = AppIcon;
				ASSETCATALOG_COMPILER_GLOBAL_ACCENT_COLOR_NAME = AccentColor;
				CODE_SIGN_STYLE = Automatic;
				CURRENT_PROJECT_VERSION = 1;
				DEVELOPMENT_TEAM = B6FXG8673T;
				ENABLE_HARDENED_RUNTIME = YES;
				ENABLE_PREVIEWS = YES;
				GENERATE_INFOPLIST_FILE = YES;
				"INFOPLIST_KEY_UIApplicationSceneManifest_Generation[sdk=iphoneos*]" = YES;
				"INFOPLIST_KEY_UIApplicationSceneManifest_Generation[sdk=iphonesimulator*]" = YES;
				"INFOPLIST_KEY_UIApplicationSupportsIndirectInputEvents[sdk=iphoneos*]" = YES;
				"INFOPLIST_KEY_UIApplicationSupportsIndirectInputEvents[sdk=iphonesimulator*]" = YES;
				"INFOPLIST_KEY_UILaunchScreen_Generation[sdk=iphoneos*]" = YES;
				"INFOPLIST_KEY_UILaunchScreen_Generation[sdk=iphonesimulator*]" = YES;
				"INFOPLIST_KEY_UIStatusBarStyle[sdk=iphoneos*]" = UIStatusBarStyleDefault;
				"INFOPLIST_KEY_UIStatusBarStyle[sdk=iphonesimulator*]" = UIStatusBarStyleDefault;
				INFOPLIST_KEY_UISupportedInterfaceOrientations_iPad = "UIInterfaceOrientationPortrait UIInterfaceOrientationPortraitUpsideDown UIInterfaceOrientationLandscapeLeft UIInterfaceOrientationLandscapeRight";
				INFOPLIST_KEY_UISupportedInterfaceOrientations_iPhone = "UIInterfaceOrientationPortrait UIInterfaceOrientationLandscapeLeft UIInterfaceOrientationLandscapeRight";
				IPHONEOS_DEPLOYMENT_TARGET = 18.5;
				LD_RUNPATH_SEARCH_PATHS = "@executable_path/Frameworks";
				"LD_RUNPATH_SEARCH_PATHS[sdk=macosx*]" = "@executable_path/../Frameworks";
				MACOSX_DEPLOYMENT_TARGET = 15.5;
				MARKETING_VERSION = 1.0;
				PRODUCT_BUNDLE_IDENTIFIER = "com.example.LD-SportShop-Demo";
				PRODUCT_NAME = "$(TARGET_NAME)";
				REGISTER_APP_GROUPS = YES;
				SDKROOT = auto;
				SUPPORTED_PLATFORMS = "iphoneos iphonesimulator macosx xros xrsimulator";
				SWIFT_EMIT_LOC_STRINGS = YES;
				SWIFT_VERSION = 5.0;
				TARGETED_DEVICE_FAMILY = "1,2,7";
				XROS_DEPLOYMENT_TARGET = 2.5;
			};
			name = Debug;
		};
		2BB607842E5771EE00744D27 /* Release */ = {
			isa = XCBuildConfiguration;
			buildSettings = {
				ASSETCATALOG_COMPILER_APPICON_NAME = AppIcon;
				ASSETCATALOG_COMPILER_GLOBAL_ACCENT_COLOR_NAME = AccentColor;
				CODE_SIGN_STYLE = Automatic;
				CURRENT_PROJECT_VERSION = 1;
				DEVELOPMENT_TEAM = B6FXG8673T;
				ENABLE_HARDENED_RUNTIME = YES;
				ENABLE_PREVIEWS = YES;
				GENERATE_INFOPLIST_FILE = YES;
				"INFOPLIST_KEY_UIApplicationSceneManifest_Generation[sdk=iphoneos*]" = YES;
				"INFOPLIST_KEY_UIApplicationSceneManifest_Generation[sdk=iphonesimulator*]" = YES;
				"INFOPLIST_KEY_UIApplicationSupportsIndirectInputEvents[sdk=iphoneos*]" = YES;
				"INFOPLIST_KEY_UIApplicationSupportsIndirectInputEvents[sdk=iphonesimulator*]" = YES;
				"INFOPLIST_KEY_UILaunchScreen_Generation[sdk=iphoneos*]" = YES;
				"INFOPLIST_KEY_UILaunchScreen_Generation[sdk=iphonesimulator*]" = YES;
				"INFOPLIST_KEY_UIStatusBarStyle[sdk=iphoneos*]" = UIStatusBarStyleDefault;
				"INFOPLIST_KEY_UIStatusBarStyle[sdk=iphonesimulator*]" = UIStatusBarStyleDefault;
				INFOPLIST_KEY_UISupportedInterfaceOrientations_iPad = "UIInterfaceOrientationPortrait UIInterfaceOrientationPortraitUpsideDown UIInterfaceOrientationLandscapeLeft UIInterfaceOrientationLandscapeRight";
				INFOPLIST_KEY_UISupportedInterfaceOrientations_iPhone = "UIInterfaceOrientationPortrait UIInterfaceOrientationLandscapeLeft UIInterfaceOrientationLandscapeRight";
				IPHONEOS_DEPLOYMENT_TARGET = 18.5;
				LD_RUNPATH_SEARCH_PATHS = "@executable_path/Frameworks";
				"LD_RUNPATH_SEARCH_PATHS[sdk=macosx*]" = "@executable_path/../Frameworks";
				MACOSX_DEPLOYMENT_TARGET = 15.5;
				MARKETING_VERSION = 1.0;
				PRODUCT_BUNDLE_IDENTIFIER = "com.example.LD-SportShop-Demo";
				PRODUCT_NAME = "$(TARGET_NAME)";
				REGISTER_APP_GROUPS = YES;
				SDKROOT = auto;
				SUPPORTED_PLATFORMS = "iphoneos iphonesimulator macosx xros xrsimulator";
				SWIFT_EMIT_LOC_STRINGS = YES;
				SWIFT_VERSION = 5.0;
				TARGETED_DEVICE_FAMILY = "1,2,7";
				XROS_DEPLOYMENT_TARGET = 2.5;
			};
			name = Release;
		};
		2BB607862E5771EE00744D27 /* Debug */ = {
			isa = XCBuildConfiguration;
			buildSettings = {
				BUNDLE_LOADER = "$(TEST_HOST)";
				CODE_SIGN_STYLE = Automatic;
				CURRENT_PROJECT_VERSION = 1;
				DEVELOPMENT_TEAM = B6FXG8673T;
				GENERATE_INFOPLIST_FILE = YES;
				IPHONEOS_DEPLOYMENT_TARGET = 18.5;
				MACOSX_DEPLOYMENT_TARGET = 15.5;
				MARKETING_VERSION = 1.0;
				PRODUCT_BUNDLE_IDENTIFIER = "com.example.LD-SportShop-DemoTests";
				PRODUCT_NAME = "$(TARGET_NAME)";
				SDKROOT = auto;
				SUPPORTED_PLATFORMS = "iphoneos iphonesimulator macosx xros xrsimulator";
				SWIFT_EMIT_LOC_STRINGS = NO;
				SWIFT_VERSION = 5.0;
				TARGETED_DEVICE_FAMILY = "1,2,7";
				TEST_HOST = "$(BUILT_PRODUCTS_DIR)/LD_SportShop_Demo.app/$(BUNDLE_EXECUTABLE_FOLDER_PATH)/LD_SportShop_Demo";
				XROS_DEPLOYMENT_TARGET = 2.5;
			};
			name = Debug;
		};
		2BB607872E5771EE00744D27 /* Release */ = {
			isa = XCBuildConfiguration;
			buildSettings = {
				BUNDLE_LOADER = "$(TEST_HOST)";
				CODE_SIGN_STYLE = Automatic;
				CURRENT_PROJECT_VERSION = 1;
				DEVELOPMENT_TEAM = B6FXG8673T;
				GENERATE_INFOPLIST_FILE = YES;
				IPHONEOS_DEPLOYMENT_TARGET = 18.5;
				MACOSX_DEPLOYMENT_TARGET = 15.5;
				MARKETING_VERSION = 1.0;
				PRODUCT_BUNDLE_IDENTIFIER = "com.example.LD-SportShop-DemoTests";
				PRODUCT_NAME = "$(TARGET_NAME)";
				SDKROOT = auto;
				SUPPORTED_PLATFORMS = "iphoneos iphonesimulator macosx xros xrsimulator";
				SWIFT_EMIT_LOC_STRINGS = NO;
				SWIFT_VERSION = 5.0;
				TARGETED_DEVICE_FAMILY = "1,2,7";
				TEST_HOST = "$(BUILT_PRODUCTS_DIR)/LD_SportShop_Demo.app/$(BUNDLE_EXECUTABLE_FOLDER_PATH)/LD_SportShop_Demo";
				XROS_DEPLOYMENT_TARGET = 2.5;
			};
			name = Release;
		};
		2BB607892E5771EE00744D27 /* Debug */ = {
			isa = XCBuildConfiguration;
			buildSettings = {
				CODE_SIGN_STYLE = Automatic;
				CURRENT_PROJECT_VERSION = 1;
				DEVELOPMENT_TEAM = B6FXG8673T;
				GENERATE_INFOPLIST_FILE = YES;
				IPHONEOS_DEPLOYMENT_TARGET = 18.5;
				MACOSX_DEPLOYMENT_TARGET = 15.5;
				MARKETING_VERSION = 1.0;
				PRODUCT_BUNDLE_IDENTIFIER = "com.example.LD-SportShop-DemoUITests";
				PRODUCT_NAME = "$(TARGET_NAME)";
				SDKROOT = auto;
				SUPPORTED_PLATFORMS = "iphoneos iphonesimulator macosx xros xrsimulator";
				SWIFT_EMIT_LOC_STRINGS = NO;
				SWIFT_VERSION = 5.0;
				TARGETED_DEVICE_FAMILY = "1,2,7";
				TEST_TARGET_NAME = LD_SportShop_Demo;
				XROS_DEPLOYMENT_TARGET = 2.5;
			};
			name = Debug;
		};
		2BB6078A2E5771EE00744D27 /* Release */ = {
			isa = XCBuildConfiguration;
			buildSettings = {
				CODE_SIGN_STYLE = Automatic;
				CURRENT_PROJECT_VERSION = 1;
				DEVELOPMENT_TEAM = B6FXG8673T;
				GENERATE_INFOPLIST_FILE = YES;
				IPHONEOS_DEPLOYMENT_TARGET = 18.5;
				MACOSX_DEPLOYMENT_TARGET = 15.5;
				MARKETING_VERSION = 1.0;
				PRODUCT_BUNDLE_IDENTIFIER = "com.example.LD-SportShop-DemoUITests";
				PRODUCT_NAME = "$(TARGET_NAME)";
				SDKROOT = auto;
				SUPPORTED_PLATFORMS = "iphoneos iphonesimulator macosx xros xrsimulator";
				SWIFT_EMIT_LOC_STRINGS = NO;
				SWIFT_VERSION = 5.0;
				TARGETED_DEVICE_FAMILY = "1,2,7";
				TEST_TARGET_NAME = LD_SportShop_Demo;
				XROS_DEPLOYMENT_TARGET = 2.5;
			};
			name = Release;
		};
/* End XCBuildConfiguration section */

/* Begin XCConfigurationList section */
		2BB6075B2E5771EC00744D27 /* Build configuration list for PBXProject "LD_SportShop_Demo" */ = {
			isa = XCConfigurationList;
			buildConfigurations = (
				2BB607802E5771EE00744D27 /* Debug */,
				2BB607812E5771EE00744D27 /* Release */,
			);
			defaultConfigurationIsVisible = 0;
			defaultConfigurationName = Release;
		};
		2BB607822E5771EE00744D27 /* Build configuration list for PBXNativeTarget "LD_SportShop_Demo" */ = {
			isa = XCConfigurationList;
			buildConfigurations = (
				2BB607832E5771EE00744D27 /* Debug */,
				2BB607842E5771EE00744D27 /* Release */,
			);
			defaultConfigurationIsVisible = 0;
			defaultConfigurationName = Release;
		};
		2BB607852E5771EE00744D27 /* Build configuration list for PBXNativeTarget "LD_SportShop_DemoTests" */ = {
			isa = XCConfigurationList;
			buildConfigurations = (
				2BB607862E5771EE00744D27 /* Debug */,
				2BB607872E5771EE00744D27 /* Release */,
			);
			defaultConfigurationIsVisible = 0;
			defaultConfigurationName = Release;
		};
		2BB607882E5771EE00744D27 /* Build configuration list for PBXNativeTarget "LD_SportShop_DemoUITests" */ = {
			isa = XCConfigurationList;
			buildConfigurations = (
				2BB607892E5771EE00744D27 /* Debug */,
				2BB6078A2E5771EE00744D27 /* Release */,
			);
			defaultConfigurationIsVisible = 0;
			defaultConfigurationName = Release;
		};
/* End XCConfigurationList section */

/* Begin XCRemoteSwiftPackageReference section */
		2BB607CE2E5776BA00744D27 /* XCRemoteSwiftPackageReference "ios-client-sdk" */ = {
			isa = XCRemoteSwiftPackageReference;
			repositoryURL = "https://github.com/launchdarkly/ios-client-sdk";
			requirement = {
				kind = upToNextMajorVersion;
				minimumVersion = 9.15.0;
			};
		};
/* End XCRemoteSwiftPackageReference section */

/* Begin XCSwiftPackageProductDependency section */
		2BB607E42E579CDC00744D27 /* LaunchDarkly */ = {
			isa = XCSwiftPackageProductDependency;
			package = 2BB607CE2E5776BA00744D27 /* XCRemoteSwiftPackageReference "ios-client-sdk" */;
			productName = LaunchDarkly;
		};
/* End XCSwiftPackageProductDependency section */
	};
	rootObject = 2BB607582E5771EC00744D27 /* Project object */;
}
